<?xml version="1.0" encoding="utf-8"?>
<Project ToolsVersion="4.0" xmlns="http://schemas.microsoft.com/developer/msbuild/2003">
  <ItemGroup>
    <ClCompile Include="src\component\button.cpp" />
    <ClCompile Include="src\component\draggable_panel.cpp" />
    <ClCompile Include="src\component\layout\anchor_point_layout.cpp" />
    <ClCompile Include="src\component\layout\box_layout.cpp" />
    <ClCompile Include="src\component\line_edit.cpp" />
    <ClCompile Include="src\component\root_component.cpp" />
    <ClCompile Include="src\component\scrollbar.cpp" />
    <ClCompile Include="src\component\scroll_panel.cpp" />
    <ClCompile Include="src\component\texture_rect.cpp" />
    <ClCompile Include="src\event.cpp" />
    <ClCompile Include="src\extended_functions.cpp" />
    <ClCompile Include="src\font.cpp" />
    <ClCompile Include="src\framerate.cpp" />
    <ClCompile Include="src\style.cpp" />
    <ClCompile Include="src\component\base_component.cpp" />
    <ClCompile Include="src\component\label.cpp" />
    <ClCompile Include="src\deleter.cpp" />
    <ClCompile Include="src\gui_manager.cpp" />
    <ClCompile Include="src\math.cpp" />
    <ClCompile Include="src\renderer.cpp" />
    <ClCompile Include="src\texture.cpp" />
    <ClCompile Include="src\timer.cpp" />
    <ClCompile Include="src\window.cpp" />
    <ClCompile Include="src\component\progress_bar.cpp" />
    <ClCompile Include="src\component\slider.cpp" />
    <ClCompile Include="src\component\check_box.cpp" />
    <ClCompile Include="src\component\common\caret.cpp" />
    <ClCompile Include="src\component\common\range.cpp" />
    <ClCompile Include="src\component\combo_box.cpp" />
  </ItemGroup>
  <ItemGroup>
    <ClInclude Include="include\component\button.hpp" />
    <ClInclude Include="include\component\draggable_panel.hpp" />
    <ClInclude Include="include\component\layout\anchor_point_layout.hpp" />
    <ClInclude Include="include\component\layout\box_layout.hpp" />
    <ClInclude Include="include\component\layout\layout.hpp" />
    <ClInclude Include="include\component\root_component.hpp" />
    <ClInclude Include="include\component\scrollbar.hpp" />
    <ClInclude Include="include\component\scroll_panel.hpp" />
    <ClInclude Include="include\component\texture_rect.hpp" />
    <ClInclude Include="include\event.hpp" />
    <ClInclude Include="include\extended_functions.hpp" />
    <ClInclude Include="include\font.hpp" />
    <ClInclude Include="include\framerate.hpp" />
    <ClInclude Include="include\component\line_edit.hpp" />
    <ClInclude Include="include\style.hpp" />
    <ClInclude Include="include\component\base_component.hpp" />
    <ClInclude Include="include\component\label.hpp" />
    <ClInclude Include="include\deleter.hpp" />
    <ClInclude Include="include\gui_manager.hpp" />
    <ClInclude Include="include\math.hpp" />
    <ClInclude Include="include\renderer.hpp" />
    <ClInclude Include="include\signal.hpp" />
    <ClInclude Include="include\simple_gui.hpp" />
    <ClInclude Include="include\texture.hpp" />
    <ClInclude Include="include\timer.hpp" />
    <ClInclude Include="include\window.hpp" />
    <ClInclude Include="3rdlib\utfcpp\utf8\checked.h" />
    <ClInclude Include="3rdlib\utfcpp\utf8\core.h" />
    <ClInclude Include="3rdlib\utfcpp\utf8\cpp11.h" />
    <ClInclude Include="3rdlib\utfcpp\utf8\cpp17.h" />
    <ClInclude Include="3rdlib\utfcpp\utf8\cpp20.h" />
    <ClInclude Include="3rdlib\utfcpp\utf8\unchecked.h" />
    <ClInclude Include="3rdlib\utfcpp\utf8.h" />
    <ClInclude Include="include\component\progress_bar.hpp" />
    <ClInclude Include="include\component\slider.hpp" />
    <ClInclude Include="include\component\check_box.hpp" />
    <ClInclude Include="include\component\common\types.hpp" />
    <ClInclude Include="include\component\common\caret.hpp" />
    <ClInclude Include="include\component\common\range.hpp" />
    <ClInclude Include="include\component\common\utils.hpp" />
    <ClInclude Include="include\component\combo_box.hpp" />
  </ItemGroup>
</Project>