<?xml version="1.0" encoding="utf-8"?>
<Project ToolsVersion="4.0" xmlns="http://schemas.microsoft.com/developer/msbuild/2003">
  <ItemGroup>
    <Filter Include="源文件">
      <UniqueIdentifier>{4FC737F1-C7A5-4376-A066-2A32D752A2FF}</UniqueIdentifier>
      <Extensions>cpp;c;cc;cxx;c++;cppm;ixx;def;odl;idl;hpj;bat;asm;asmx</Extensions>
    </Filter>
    <Filter Include="头文件">
      <UniqueIdentifier>{93995380-89BD-4b04-88EB-625FBE52EBFB}</UniqueIdentifier>
      <Extensions>h;hh;hpp;hxx;h++;hm;inl;inc;ipp;xsd</Extensions>
    </Filter>
    <Filter Include="资源文件">
      <UniqueIdentifier>{67DA6AB6-F800-4c08-8B7A-83BB121AAD01}</UniqueIdentifier>
      <Extensions>rc;ico;cur;bmp;dlg;rc2;rct;bin;rgs;gif;jpg;jpeg;jpe;resx;tiff;tif;png;wav;mfcribbon-ms</Extensions>
    </Filter>
  </ItemGroup>
  <ItemGroup>
    <ClInclude Include="include\gui_manager.hpp">
      <Filter>头文件</Filter>
    </ClInclude>
    <ClInclude Include="include\math.hpp">
      <Filter>头文件</Filter>
    </ClInclude>
    <ClInclude Include="include\renderer.hpp">
      <Filter>头文件</Filter>
    </ClInclude>
    <ClInclude Include="include\component\common.hpp">
      <Filter>头文件</Filter>
    </ClInclude>
    <ClInclude Include="include\simple_gui.hpp">
      <Filter>头文件</Filter>
    </ClInclude>
    <ClInclude Include="include\component\base_component.hpp">
      <Filter>头文件</Filter>
    </ClInclude>
    <ClInclude Include="include\signal.hpp">
      <Filter>头文件</Filter>
    </ClInclude>
    <ClInclude Include="include\component\label.hpp">
      <Filter>头文件</Filter>
    </ClInclude>
    <ClInclude Include="include\deleter.hpp">
      <Filter>头文件</Filter>
    </ClInclude>
    <ClInclude Include="include\style.hpp">
      <Filter>头文件</Filter>
    </ClInclude>
    <ClInclude Include="include\component\button.hpp">
      <Filter>头文件</Filter>
    </ClInclude>
    <ClInclude Include="include\component\draggable_panel.hpp">
      <Filter>头文件</Filter>
    </ClInclude>
    <ClInclude Include="include\component\root_component.hpp">
      <Filter>头文件</Filter>
    </ClInclude>
    <ClInclude Include="include\component\texture_rect.hpp">
      <Filter>头文件</Filter>
    </ClInclude>
    <ClInclude Include="include\component\layout\box_layout.hpp">
      <Filter>头文件</Filter>
    </ClInclude>
    <ClInclude Include="include\component\layout\layout.hpp">
      <Filter>头文件</Filter>
    </ClInclude>
    <ClInclude Include="include\component\layout\anchor_point_layout.hpp">
      <Filter>头文件</Filter>
    </ClInclude>
    <ClInclude Include="include\component\scrollbar.hpp">
      <Filter>头文件</Filter>
    </ClInclude>
    <ClInclude Include="include\event.hpp">
      <Filter>头文件</Filter>
    </ClInclude>
    <ClInclude Include="include\texture.hpp">
      <Filter>头文件</Filter>
    </ClInclude>
    <ClInclude Include="include\font.hpp">
      <Filter>头文件</Filter>
    </ClInclude>
    <ClInclude Include="include\window.hpp">
      <Filter>头文件</Filter>
    </ClInclude>
    <ClInclude Include="include\framerate.hpp">
      <Filter>头文件</Filter>
    </ClInclude>
    <ClInclude Include="include\extended_functions.hpp">
      <Filter>头文件</Filter>
    </ClInclude>
  </ItemGroup>
  <ItemGroup>
    <ClCompile Include="src\gui_manager.cpp">
      <Filter>源文件</Filter>
    </ClCompile>
    <ClCompile Include="src\math.cpp">
      <Filter>源文件</Filter>
    </ClCompile>
    <ClCompile Include="src\renderer.cpp">
      <Filter>源文件</Filter>
    </ClCompile>
    <ClCompile Include="src\component\base_component.cpp">
      <Filter>源文件</Filter>
    </ClCompile>
    <ClCompile Include="src\component\label.cpp">
      <Filter>源文件</Filter>
    </ClCompile>
    <ClCompile Include="src\deleter.cpp">
      <Filter>源文件</Filter>
    </ClCompile>
    <ClCompile Include="src\style.cpp">
      <Filter>源文件</Filter>
    </ClCompile>
    <ClCompile Include="src\component\button.cpp">
      <Filter>源文件</Filter>
    </ClCompile>
    <ClCompile Include="src\component\draggable_panel.cpp">
      <Filter>源文件</Filter>
    </ClCompile>
    <ClCompile Include="src\component\root_component.cpp">
      <Filter>源文件</Filter>
    </ClCompile>
    <ClCompile Include="src\component\texture_rect.cpp">
      <Filter>源文件</Filter>
    </ClCompile>
    <ClCompile Include="src\component\layout\box_layout.cpp">
      <Filter>源文件</Filter>
    </ClCompile>
    <ClCompile Include="src\component\layout\anchor_point_layout.cpp">
      <Filter>源文件</Filter>
    </ClCompile>
    <ClCompile Include="src\component\scrollbar.cpp">
      <Filter>源文件</Filter>
    </ClCompile>
    <ClCompile Include="src\texture.cpp">
      <Filter>源文件</Filter>
    </ClCompile>
    <ClCompile Include="src\font.cpp">
      <Filter>源文件</Filter>
    </ClCompile>
    <ClCompile Include="src\window.cpp">
      <Filter>源文件</Filter>
    </ClCompile>
    <ClCompile Include="src\framerate.cpp">
      <Filter>源文件</Filter>
    </ClCompile>
    <ClCompile Include="src\extended_functions.cpp">
      <Filter>源文件</Filter>
    </ClCompile>
    <ClCompile Include="src\event.cpp">
      <Filter>源文件</Filter>
    </ClCompile>
  </ItemGroup>
</Project>